{
  "nodes": {
    "dms": {
      "flake": false,
      "locked": {
        "dir": "quickshell/matugen/templates",
        "lastModified": 1790956395,
        "narHash": "sha256-5/nYQGqteiUhHtqpKOofyFYi5Ku/0YIuGWIJPyAwtrc=",
        "owner": "AvengeMedia",
        "repo": "DankMaterialShell",
        "rev": "e4ec3582b4e04ebb8ea047aa0cf59125b2d6ef6a",
        "type": "github"
      },
      "original": {
        "dir": "quickshell/matugen/templates",
        "owner": "AvengeMedia",
        "repo": "DankMaterialShell",
        "type": "github"
      }
    },
    "matugen-themes": {
      "flake": false,
      "locked": {
        "dir": "templates",
        "lastModified": 1787988654,
        "narHash": "sha256-nUfF1KyKK2BherOwPwai6JzsrykP/zKxiAmoi7TTlvw=",
        "owner": "InioX",
        "repo": "matugen-themes",
        "rev": "707c7b7d3550c9c21c0a8d72186748b1d205b88b",
        "type": "github"
      },
      "original": {
        "dir": "templates",
        "owner": "InioX",
        "repo": "matugen-themes",
        "type": "github"
      }
    },
    "noctalia": {
      "flake": false,
      "locked": {
        "dir": "assets/templates",
        "lastModified": 1790958263,
        "narHash": "sha256-CjzvZ4ZUhJe30ziX46DHMauP/EMdddlwN9Xt1rXVISA=",
        "owner": "noctalia-dev",
        "repo": "noctalia",
        "rev": "141eb7eead5c87b41dbd96d83e752d8b5f84c549",
        "type": "github"
      },
      "original": {
        "dir": "assets/templates",
        "owner": "noctalia-dev",
        "repo": "noctalia",
        "type": "github"
      }
    },
    "noctalia-community": {
      "flake": false,
      "locked": {
        "lastModified": 1790731964,
        "narHash": "sha256-lXV1isU9HWMhBt1ZLlDqBNC8sBjHaa5IZ2rgIdGMubk=",
        "owner": "noctalia-dev",
        "repo": "community-templates",
        "rev": "931ad2ce1719298fdd0110ff7bc196f5b94076c8",
        "type": "github"
      },
      "original": {
        "owner": "noctalia-dev",
        "repo": "community-templates",
        "type": "github"
      }
    },
    "root": {
      "inputs": {
        "dms": "dms",
        "matugen-themes": "matugen-themes",
        "noctalia": "noctalia",
        "noctalia-community": "noctalia-community"
      }
    }
  },
  "root": "root",
  "version": 7
}
