{
  "nodes": {
    "dms": {
      "flake": false,
      "locked": {
        "lastModified": 1786667885,
        "narHash": "sha256-caa7rUar8nJI1lCOf3phyuQ8InBA51ACAmppFpUG63E=",
        "owner": "AvengeMedia",
        "repo": "DankMaterialShell",
        "rev": "8d9c9616051e71ce6e76544f735c1794ebd59339",
        "type": "github"
      },
      "original": {
        "owner": "AvengeMedia",
        "repo": "DankMaterialShell",
        "type": "github"
      }
    },
    "matugen-themes": {
      "flake": false,
      "locked": {
        "lastModified": 1786301948,
        "narHash": "sha256-+6Sn7LNHDdNmVb46JWbnZep0GWa8cxjo5LOpQM0yOh8=",
        "owner": "InioX",
        "repo": "matugen-themes",
        "rev": "6722a8df27e179ae14ce52b8d76b6396512cd707",
        "type": "github"
      },
      "original": {
        "owner": "InioX",
        "repo": "matugen-themes",
        "type": "github"
      }
    },
    "noctalia": {
      "flake": false,
      "locked": {
        "lastModified": 1786715539,
        "narHash": "sha256-/v++z9CggpnX3g94bLckf4OUAYvOIMErfOzk+xP2lBE=",
        "owner": "noctalia-dev",
        "repo": "noctalia",
        "rev": "ab2cfdf6e7b93ff0dffb80fb4b406294de54430d",
        "type": "github"
      },
      "original": {
        "owner": "noctalia-dev",
        "repo": "noctalia",
        "type": "github"
      }
    },
    "noctalia-community": {
      "flake": false,
      "locked": {
        "lastModified": 1786135052,
        "narHash": "sha256-z82bEfOdxqx8BsDX6mCnyXXKeb6xSqciCvAJ1BM6E34=",
        "owner": "noctalia-dev",
        "repo": "community-templates",
        "rev": "eeb39a8a4113088d076962f5c33a2080d2f1a2e0",
        "type": "github"
      },
      "original": {
        "owner": "noctalia-dev",
        "repo": "community-templates",
        "type": "github"
      }
    },
    "root": {
      "inputs": {
        "dms": "dms",
        "matugen-themes": "matugen-themes",
        "noctalia": "noctalia",
        "noctalia-community": "noctalia-community"
      }
    }
  },
  "root": "root",
  "version": 7
}
